#MicroXplorer Configuration settings - do not modify
ADC1.Channel-233\#ChannelRegularConversion=ADC_CHANNEL_10
ADC1.IPParameters=Rank-233\#ChannelRegularConversion,Channel-233\#ChannelRegularConversion,SamplingTime-233\#ChannelRegularConversion,OffsetNumber-233\#ChannelRegularConversion,NbrOfConversionFlag,master
ADC1.NbrOfConversionFlag=1
ADC1.OffsetNumber-233\#ChannelRegularConversion=ADC_OFFSET_NONE
ADC1.Rank-233\#ChannelRegularConversion=1
ADC1.SamplingTime-233\#ChannelRegularConversion=ADC_SAMPLETIME_1CYCLE_5
ADC1.master=1
ADC2.BoostMode=ENABLE
ADC2.Channel-2\#ChannelRegularConversion=ADC_CHANNEL_5
ADC2.ClockPrescaler=ADC_CLOCK_ASYNC_DIV6
ADC2.ContinuousConvMode=DISABLE
ADC2.ConversionDataManagement=ADC_CONVERSIONDATA_DR
ADC2.DMAContinuousRequests=DISABLE
ADC2.DiscontinuousConvMode=DISABLE
ADC2.EOCSelection=ADC_EOC_SINGLE_CONV
ADC2.EnableAnalogWatchDog1=false
ADC2.EnableAnalogWatchDog2=false
ADC2.EnableAnalogWatchDog3=false
ADC2.EnableInjectedConversion=DISABLE
ADC2.EnableRegularConversion=ENABLE
ADC2.ExternalTrigConv=ADC_SOFTWARE_START
ADC2.ExternalTrigConvEdge=ADC_EXTERNALTRIGCONVEDGE_NONE
ADC2.IPParameters=Rank-2\#ChannelRegularConversion,Channel-2\#ChannelRegularConversion,SamplingTime-2\#ChannelRegularConversion,OffsetNumber-2\#ChannelRegularConversion,NbrOfConversionFlag,ClockPrescaler,Resolution,ScanConvMode,ContinuousConvMode,DiscontinuousConvMode,DMAContinuousRequests,EOCSelection,Overrun,BoostMode,ConversionDataManagement,LowPowerAutoWait,EnableRegularConversion,LeftBitShift,OversamplingMode,NbrOfConversion,ExternalTrigConv,ExternalTrigConvEdge,EnableInjectedConversion,EnableAnalogWatchDog1,EnableAnalogWatchDog2,EnableAnalogWatchDog3
ADC2.LeftBitShift=ADC_LEFTBITSHIFT_NONE
ADC2.LowPowerAutoWait=DISABLE
ADC2.NbrOfConversion=1
ADC2.NbrOfConversionFlag=1
ADC2.OffsetNumber-2\#ChannelRegularConversion=ADC_OFFSET_NONE
ADC2.Overrun=ADC_OVR_DATA_PRESERVED
ADC2.OversamplingMode=DISABLE
ADC2.Rank-2\#ChannelRegularConversion=1
ADC2.Resolution=ADC_RESOLUTION_16B
ADC2.SamplingTime-2\#ChannelRegularConversion=ADC_SAMPLETIME_1CYCLE_5
ADC2.ScanConvMode=ADC_SCAN_DISABLE
ADC3.Channel-4\#ChannelRegularConversion=ADC_CHANNEL_5
ADC3.IPParameters=Rank-4\#ChannelRegularConversion,Channel-4\#ChannelRegularConversion,SamplingTime-4\#ChannelRegularConversion,OffsetNumber-4\#ChannelRegularConversion,NbrOfConversionFlag
ADC3.NbrOfConversionFlag=1
ADC3.OffsetNumber-4\#ChannelRegularConversion=ADC_OFFSET_NONE
ADC3.Rank-4\#ChannelRegularConversion=1
ADC3.SamplingTime-4\#ChannelRegularConversion=ADC_SAMPLETIME_1CYCLE_5
DAC1.DAC_Channel-DAC_OUT2=DAC_CHANNEL_2
DAC1.IPParameters=DAC_Channel-DAC_OUT2
ETH.IPParameters=MediaInterface
ETH.MediaInterface=HAL_ETH_RMII_MODE
File.Version=6
KeepUserPlacement=false
Mcu.Family=STM32H7
Mcu.IP0=ADC1
Mcu.IP1=ADC2
Mcu.IP10=SPI1
Mcu.IP11=SPI2
Mcu.IP12=SPI5
Mcu.IP13=SYS
Mcu.IP14=TIM1
Mcu.IP15=USART6
Mcu.IP2=ADC3
Mcu.IP3=CORTEX_M7
Mcu.IP4=DAC1
Mcu.IP5=ETH
Mcu.IP6=NVIC
Mcu.IP7=QUADSPI
Mcu.IP8=RCC
Mcu.IP9=SDMMC1
Mcu.IPNb=16
Mcu.Name=STM32H743ZITx
Mcu.Package=LQFP144
Mcu.Pin0=PE2
Mcu.Pin1=PE4
Mcu.Pin10=PC2_C
Mcu.Pin11=PC3_C
Mcu.Pin12=PA0-WKUP
Mcu.Pin13=PA1
Mcu.Pin14=PA2
Mcu.Pin15=PA3
Mcu.Pin16=PA4
Mcu.Pin17=PA5
Mcu.Pin18=PA6
Mcu.Pin19=PA7
Mcu.Pin2=PC13
Mcu.Pin20=PC4
Mcu.Pin21=PC5
Mcu.Pin22=PB0
Mcu.Pin23=PB1
Mcu.Pin24=PB2
Mcu.Pin25=PF12
Mcu.Pin26=PF13
Mcu.Pin27=PF14
Mcu.Pin28=PF15
Mcu.Pin29=PG0
Mcu.Pin3=PF3
Mcu.Pin30=PG1
Mcu.Pin31=PE7
Mcu.Pin32=PE8
Mcu.Pin33=PE9
Mcu.Pin34=PE10
Mcu.Pin35=PE11
Mcu.Pin36=PE12
Mcu.Pin37=PE13
Mcu.Pin38=PE14
Mcu.Pin39=PE15
Mcu.Pin4=PF6
Mcu.Pin40=PB10
Mcu.Pin41=PB11
Mcu.Pin42=PB12
Mcu.Pin43=PB13
Mcu.Pin44=PB14
Mcu.Pin45=PB15
Mcu.Pin46=PD11
Mcu.Pin47=PD12
Mcu.Pin48=PD13
Mcu.Pin49=PG2
Mcu.Pin5=PF7
Mcu.Pin50=PG3
Mcu.Pin51=PC8
Mcu.Pin52=PC9
Mcu.Pin53=PA13
Mcu.Pin54=PA14
Mcu.Pin55=PA15
Mcu.Pin56=PC10
Mcu.Pin57=PC11
Mcu.Pin58=PC12
Mcu.Pin59=PD2
Mcu.Pin6=PF8
Mcu.Pin60=PD3
Mcu.Pin61=PD7
Mcu.Pin62=PG9
Mcu.Pin63=PG11
Mcu.Pin64=PG13
Mcu.Pin65=PG14
Mcu.Pin66=PB3
Mcu.Pin67=PB4
Mcu.Pin68=PB7
Mcu.Pin69=VP_SYS_VS_Systick
Mcu.Pin7=PF9
Mcu.Pin70=VP_TIM1_VS_ClockSourceINT
Mcu.Pin8=PC0
Mcu.Pin9=PC1
Mcu.PinsNb=71
Mcu.ThirdPartyNb=0
Mcu.UserConstants=
Mcu.UserName=STM32H743ZITx
MxCube.Version=4.25.0
MxDb.Version=DB.4.0.250
NVIC.BusFault_IRQn=true\:0\:0\:false\:false\:true\:false
NVIC.DebugMonitor_IRQn=true\:0\:0\:false\:false\:true\:false
NVIC.HardFault_IRQn=true\:0\:0\:false\:false\:true\:false
NVIC.MemoryManagement_IRQn=true\:0\:0\:false\:false\:true\:false
NVIC.NonMaskableInt_IRQn=true\:0\:0\:false\:false\:true\:false
NVIC.PVD_AVD_IRQn=true\:0\:0\:false\:false\:true\:true
NVIC.PendSV_IRQn=true\:0\:0\:false\:false\:true\:false
NVIC.PriorityGroup=NVIC_PRIORITYGROUP_4
NVIC.SVCall_IRQn=true\:0\:0\:false\:false\:true\:false
NVIC.SysTick_IRQn=true\:0\:0\:false\:false\:true\:false
NVIC.UsageFault_IRQn=true\:0\:0\:false\:false\:true\:false
PA0-WKUP.Locked=true
PA0-WKUP.Mode=IN16-Single-Ended
PA0-WKUP.Signal=ADC1_INP16
PA1.Locked=true
PA1.Mode=RMII
PA1.Signal=ETH_REF_CLK
PA13.Locked=true
PA13.Mode=Serial_Wire
PA13.Signal=SYS_JTMS-SWDIO
PA14.Locked=true
PA14.Mode=Serial_Wire
PA14.Signal=SYS_JTCK-SWCLK
PA15.Locked=true
PA15.Signal=SPI1_NSS
PA2.Locked=true
PA2.Mode=RMII
PA2.Signal=ETH_MDIO
PA3.Locked=true
PA3.Signal=ADCx_INP15
PA4.Locked=true
PA4.Signal=SharedAnalog_PA4
PA5.Locked=true
PA5.Signal=COMP_DAC12_group
PA6.Locked=true
PA6.Mode=Full_Duplex_Master
PA6.Signal=SPI1_MISO
PA7.Locked=true
PA7.Mode=RMII
PA7.Signal=ETH_CRS_DV
PB0.Locked=true
PB0.Signal=GPIO_Output
PB1.Locked=true
PB1.Signal=ADCx_INP5
PB10.Locked=true
PB10.Mode=Single Bank 1
PB10.Signal=QUADSPI_BK1_NCS
PB11.Locked=true
PB11.Signal=GPIO_Input
PB12.Locked=true
PB12.Signal=GPIO_Output
PB13.Locked=true
PB13.Mode=RMII
PB13.Signal=ETH_TXD1
PB14.Locked=true
PB14.Signal=GPIO_Output
PB15.Locked=true
PB15.Mode=Full_Duplex_Master
PB15.Signal=SPI2_MOSI
PB2.Locked=true
PB2.Mode=Single Bank 1
PB2.Signal=QUADSPI_CLK
PB3.Mode=Full_Duplex_Master
PB3.Signal=SPI1_SCK
PB4.Locked=true
PB4.Mode=NSS_Signal_Hard_Output
PB4.Signal=SPI2_NSS
PB7.Locked=true
PB7.Signal=GPIO_Output
PC0.Locked=true
PC0.Signal=ADCx_INP10
PC1.Locked=true
PC1.Mode=RMII
PC1.Signal=ETH_MDC
PC10.Locked=true
PC10.Mode=SD_4_bits_Wide_bus
PC10.Signal=SDMMC1_D2
PC11.Locked=true
PC11.Mode=SD_4_bits_Wide_bus
PC11.Signal=SDMMC1_D3
PC12.Locked=true
PC12.Mode=SD_4_bits_Wide_bus
PC12.Signal=SDMMC1_CK
PC13.Locked=true
PC13.Signal=GPIO_Input
PC2_C.Locked=true
PC2_C.Mode=Full_Duplex_Master
PC2_C.Signal=SPI2_MISO
PC3_C.Locked=true
PC3_C.Mode=IN1-Single-Ended
PC3_C.Signal=ADC3_INP1
PC4.Locked=true
PC4.Mode=RMII
PC4.Signal=ETH_RXD0
PC5.Locked=true
PC5.Mode=RMII
PC5.Signal=ETH_RXD1
PC8.GPIOParameters=GPIO_PuPd
PC8.GPIO_PuPd=GPIO_NOPULL
PC8.Locked=true
PC8.Mode=SD_4_bits_Wide_bus
PC8.Signal=SDMMC1_D0
PC9.Locked=true
PC9.Mode=SD_4_bits_Wide_bus
PC9.Signal=SDMMC1_D1
PCC.Checker=false
PCC.Line=STM32H7x3
PCC.MCU=STM32H743ZITx
PCC.PartNumber=STM32H743ZITx
PCC.Seq0=0
PCC.Series=STM32H7
PCC.Temperature=25
PCC.Vdd=3.0
PD11.Locked=true
PD11.Mode=Single Bank 1
PD11.Signal=QUADSPI_BK1_IO0
PD12.Locked=true
PD12.Mode=Single Bank 1
PD12.Signal=QUADSPI_BK1_IO1
PD13.Locked=true
PD13.Mode=Single Bank 1
PD13.Signal=QUADSPI_BK1_IO3
PD2.Locked=true
PD2.Mode=SD_4_bits_Wide_bus
PD2.Signal=SDMMC1_CMD
PD3.Locked=true
PD3.Mode=Full_Duplex_Master
PD3.Signal=SPI2_SCK
PD7.Locked=true
PD7.Mode=Full_Duplex_Master
PD7.Signal=SPI1_MOSI
PE10.Locked=true
PE10.Mode=PWM Generation2 CH2 CH2N
PE10.Signal=TIM1_CH2N
PE11.Locked=true
PE11.Signal=S_TIM1_CH2
PE12.Locked=true
PE12.Mode=Output Compare3 CH3 CH3N
PE12.Signal=TIM1_CH3N
PE13.Locked=true
PE13.Signal=S_TIM1_CH3
PE14.Locked=true
PE14.Signal=GPIO_Input
PE15.Locked=true
PE15.Signal=GPIO_Input
PE2.Locked=true
PE2.Mode=Single Bank 1
PE2.Signal=QUADSPI_BK1_IO2
PE4.Locked=true
PE4.Signal=GPIO_Input
PE7.Locked=true
PE7.Signal=GPIO_Input
PE8.Locked=true
PE8.Mode=PWM Generation1 CH1 CH1N
PE8.Signal=TIM1_CH1N
PE9.Locked=true
PE9.Signal=S_TIM1_CH1
PF12.Locked=true
PF12.Signal=GPIO_Input
PF13.Locked=true
PF13.Signal=GPXTI13
PF14.Locked=true
PF14.Signal=GPXTI14
PF15.Locked=true
PF15.Signal=GPIO_Output
PF3.Locked=true
PF3.Mode=IN5-Single-Ended
PF3.Signal=ADC3_INP5
PF6.Mode=NSS_Signal_Hard_Output
PF6.Signal=SPI5_NSS
PF7.Mode=Full_Duplex_Master
PF7.Signal=SPI5_SCK
PF8.Mode=Full_Duplex_Master
PF8.Signal=SPI5_MISO
PF9.Mode=Full_Duplex_Master
PF9.Signal=SPI5_MOSI
PG0.Locked=true
PG0.Signal=GPIO_Output
PG1.Locked=true
PG1.Signal=GPIO_Output
PG11.Locked=true
PG11.Mode=RMII
PG11.Signal=ETH_TX_EN
PG13.Locked=true
PG13.Mode=RMII
PG13.Signal=ETH_TXD0
PG14.Locked=true
PG14.Mode=Asynchronous
PG14.Signal=USART6_TX
PG2.Locked=true
PG2.Signal=GPIO_Input
PG3.Locked=true
PG3.Signal=GPXTI3
PG9.Locked=true
PG9.Mode=Asynchronous
PG9.Signal=USART6_RX
PinOutPanel.RotationAngle=0
RCC.ADCFreq_Value=160000000
RCC.AHB12Freq_Value=200000000
RCC.AHB4Freq_Value=200000000
RCC.APB1Freq_Value=100000000
RCC.APB2Freq_Value=100000000
RCC.APB3Freq_Value=100000000
RCC.APB4Freq_Value=100000000
RCC.AXIClockFreq_Value=200000000
RCC.CECFreq_Value=32000
RCC.CKPERFreq_Value=64000000
RCC.CortexFreq_Value=400000000
RCC.CpuClockFreq_Value=400000000
RCC.D1CPREFreq_Value=400000000
RCC.D1PPRE=RCC_APB3_DIV2
RCC.D2PPRE1=RCC_APB1_DIV2
RCC.D2PPRE2=RCC_APB2_DIV2
RCC.D3PPRE=RCC_APB4_DIV2
RCC.DFSDMACLkFreq_Value=400000000
RCC.DFSDMFreq_Value=100000000
RCC.DIVM1=4
RCC.DIVM2=4
RCC.DIVN1=50
RCC.DIVN2=20
RCC.DIVP1Freq_Value=400000000
RCC.DIVP2Freq_Value=160000000
RCC.DIVP3Freq_Value=129000000
RCC.DIVQ1Freq_Value=400000000
RCC.DIVQ2=1
RCC.DIVQ2Freq_Value=320000000
RCC.DIVQ3Freq_Value=129000000
RCC.DIVR1Freq_Value=400000000
RCC.DIVR2=7
RCC.DIVR2Freq_Value=45714285.71428572
RCC.DIVR3Freq_Value=129000000
RCC.FDCANFreq_Value=400000000
RCC.FMCFreq_Value=200000000
RCC.FamilyName=M
RCC.HCLK3ClockFreq_Value=200000000
RCC.HCLKFreq_Value=200000000
RCC.HPRE=RCC_HCLK_DIV2
RCC.HRTIMFreq_Value=200000000
RCC.I2C123Freq_Value=100000000
RCC.I2C4Freq_Value=100000000
RCC.IPParameters=ADCFreq_Value,AHB12Freq_Value,AHB4Freq_Value,APB1Freq_Value,APB2Freq_Value,APB3Freq_Value,APB4Freq_Value,AXIClockFreq_Value,CECFreq_Value,CKPERFreq_Value,CortexFreq_Value,CpuClockFreq_Value,D1CPREFreq_Value,D1PPRE,D2PPRE1,D2PPRE2,D3PPRE,DFSDMACLkFreq_Value,DFSDMFreq_Value,DIVM1,DIVM2,DIVN1,DIVN2,DIVP1Freq_Value,DIVP2Freq_Value,DIVP3Freq_Value,DIVQ1Freq_Value,DIVQ2,DIVQ2Freq_Value,DIVQ3Freq_Value,DIVR1Freq_Value,DIVR2,DIVR2Freq_Value,DIVR3Freq_Value,FDCANFreq_Value,FMCFreq_Value,FamilyName,HCLK3ClockFreq_Value,HCLKFreq_Value,HPRE,HRTIMFreq_Value,I2C123Freq_Value,I2C4Freq_Value,LPTIM1Freq_Value,LPTIM2Freq_Value,LPTIM345Freq_Value,LPUART1Freq_Value,LTDCFreq_Value,MCO1PinFreq_Value,MCO2PinFreq_Value,QSPICLockSelection,QSPIFreq_Value,RNGFreq_Value,RTCFreq_Value,SAI1Freq_Value,SAI23Freq_Value,SAI4AFreq_Value,SAI4BFreq_Value,SDMMCFreq_Value,SPDIFRXFreq_Value,SPI123CLockSelection,SPI123Freq_Value,SPI45Freq_Value,SPI6Freq_Value,SWPMI1Freq_Value,SYSCLKFreq_VALUE,SYSCLKSource,Tim1OutputFreq_Value,Tim2OutputFreq_Value,USART16Freq_Value,USART234578Freq_Value,USBFreq_Value,VCO1OutputFreq_Value,VCO2OutputFreq_Value,VCO3OutputFreq_Value,VCOInput1Freq_Value,VCOInput2Freq_Value,VCOInput3Freq_Value
RCC.LPTIM1Freq_Value=100000000
RCC.LPTIM2Freq_Value=100000000
RCC.LPTIM345Freq_Value=100000000
RCC.LPUART1Freq_Value=100000000
RCC.LTDCFreq_Value=129000000
RCC.MCO1PinFreq_Value=64000000
RCC.MCO2PinFreq_Value=400000000
RCC.QSPICLockSelection=RCC_QSPICLKSOURCE_PLL2
RCC.QSPIFreq_Value=45714285.71428572
RCC.RNGFreq_Value=48000000
RCC.RTCFreq_Value=32000
RCC.SAI1Freq_Value=400000000
RCC.SAI23Freq_Value=400000000
RCC.SAI4AFreq_Value=400000000
RCC.SAI4BFreq_Value=400000000
RCC.SDMMCFreq_Value=400000000
RCC.SPDIFRXFreq_Value=400000000
RCC.SPI123CLockSelection=RCC_SPI123CLKSOURCE_PLL2
RCC.SPI123Freq_Value=160000000
RCC.SPI45Freq_Value=100000000
RCC.SPI6Freq_Value=100000000
RCC.SWPMI1Freq_Value=100000000
RCC.SYSCLKFreq_VALUE=400000000
RCC.SYSCLKSource=RCC_SYSCLKSOURCE_PLLCLK
RCC.Tim1OutputFreq_Value=200000000
RCC.Tim2OutputFreq_Value=200000000
RCC.USART16Freq_Value=100000000
RCC.USART234578Freq_Value=100000000
RCC.USBFreq_Value=400000000
RCC.VCO1OutputFreq_Value=800000000
RCC.VCO2OutputFreq_Value=320000000
RCC.VCO3OutputFreq_Value=258000000
RCC.VCOInput1Freq_Value=16000000
RCC.VCOInput2Freq_Value=16000000
RCC.VCOInput3Freq_Value=2000000
SH.ADCx_INP10.0=ADC1_INP10,IN10-Single-Ended
SH.ADCx_INP10.ConfNb=1
SH.ADCx_INP15.0=ADC1_INP15,IN15-Single-Ended
SH.ADCx_INP15.ConfNb=1
SH.ADCx_INP5.0=ADC2_INP5,IN5-Single-Ended
SH.ADCx_INP5.ConfNb=1
SH.COMP_DAC12_group.0=DAC1_OUT2,DAC_OUT2
SH.COMP_DAC12_group.ConfNb=1
SH.GPXTI13.0=GPIO_EXTI13
SH.GPXTI13.ConfNb=1
SH.GPXTI14.0=GPIO_EXTI14
SH.GPXTI14.ConfNb=1
SH.GPXTI3.0=GPIO_EXTI3
SH.GPXTI3.ConfNb=1
SH.S_TIM1_CH1.0=TIM1_CH1,PWM Generation1 CH1 CH1N
SH.S_TIM1_CH1.ConfNb=1
SH.S_TIM1_CH2.0=TIM1_CH2,PWM Generation2 CH2 CH2N
SH.S_TIM1_CH2.ConfNb=1
SH.S_TIM1_CH3.0=TIM1_CH3,Output Compare3 CH3 CH3N
SH.S_TIM1_CH3.ConfNb=1
SH.SharedAnalog_PA4.0=ADC1_INP18,IN18-Single-Ended
SH.SharedAnalog_PA4.1=DAC1_OUT1,DAC_OUT1
SH.SharedAnalog_PA4.ConfNb=2
SPI1.CalculateBaudRate=80.0 MBits/s
SPI1.Direction=SPI_DIRECTION_2LINES
SPI1.IPParameters=VirtualType,Mode,Direction,CalculateBaudRate
SPI1.Mode=SPI_MODE_MASTER
SPI1.VirtualType=VM_MASTER
SPI2.BaudRatePrescaler=SPI_BAUDRATEPRESCALER_4
SPI2.CalculateBaudRate=40.0 MBits/s
SPI2.Direction=SPI_DIRECTION_2LINES
SPI2.IPParameters=VirtualType,Mode,Direction,VirtualNSS,BaudRatePrescaler,CalculateBaudRate
SPI2.Mode=SPI_MODE_MASTER
SPI2.VirtualNSS=VM_NSSHARD
SPI2.VirtualType=VM_MASTER
SPI5.CalculateBaudRate=50.0 MBits/s
SPI5.Direction=SPI_DIRECTION_2LINES
SPI5.IPParameters=VirtualType,Mode,Direction,CalculateBaudRate,VirtualNSS
SPI5.Mode=SPI_MODE_MASTER
SPI5.VirtualNSS=VM_NSSHARD
SPI5.VirtualType=VM_MASTER
TIM1.Channel-Output\ Compare3\ CH3\ CH3N=TIM_CHANNEL_3
TIM1.Channel-PWM\ Generation1\ CH1\ CH1N=TIM_CHANNEL_1
TIM1.Channel-PWM\ Generation2\ CH2\ CH2N=TIM_CHANNEL_2
TIM1.IPParameters=Channel-PWM Generation1 CH1 CH1N,Channel-PWM Generation2 CH2 CH2N,Channel-Output Compare3 CH3 CH3N
USART6.IPParameters=VirtualMode-Asynchronous
USART6.VirtualMode-Asynchronous=VM_ASYNC
VP_SYS_VS_Systick.Mode=SysTick
VP_SYS_VS_Systick.Signal=SYS_VS_Systick
VP_TIM1_VS_ClockSourceINT.Mode=Internal
VP_TIM1_VS_ClockSourceINT.Signal=TIM1_VS_ClockSourceINT
